
Microsoft Visual Studio Solution File, Format Version 12.00
# Visual Studio Version 17
VisualStudioVersion = 17.9.34607.119
MinimumVisualStudioVersion = 10.0.40219.1
Project("{FAE04EC0-301F-11D3-BF4B-00C04F79EFBC}") = "SharpJVS", "SharpJVS.csproj", "{ADAB780F-9E55-41F1-8689-63CCC7BFCF74}"
EndProject
Global
	GlobalSection(SolutionConfigurationPlatforms) = preSolution
		Debug|Any CPU = Debug|Any CPU
		Debug|x64 = Debug|x64
		Release|Any CPU = Release|Any CPU
		Release|x64 = Release|x64
	EndGlobalSection
	GlobalSection(ProjectConfigurationPlatforms) = postSolution
		{ADAB780F-9E55-41F1-8689-63CCC7BFCF74}.Debug|Any CPU.ActiveCfg = Debug|Any CPU
		{ADAB780F-9E55-41F1-8689-63CCC7BFCF74}.Debug|Any CPU.Build.0 = Debug|Any CPU
		{ADAB780F-9E55-41F1-8689-63CCC7BFCF74}.Debug|x64.ActiveCfg = Debug|x64
		{ADAB780F-9E55-41F1-8689-63CCC7BFCF74}.Debug|x64.Build.0 = Debug|x64
		{ADAB780F-9E55-41F1-8689-63CCC7BFCF74}.Release|Any CPU.ActiveCfg = Release|Any CPU
		{ADAB780F-9E55-41F1-8689-63CCC7BFCF74}.Release|Any CPU.Build.0 = Release|Any CPU
		{ADAB780F-9E55-41F1-8689-63CCC7BFCF74}.Release|x64.ActiveCfg = Release|x64
		{ADAB780F-9E55-41F1-8689-63CCC7BFCF74}.Release|x64.Build.0 = Release|x64
	EndGlobalSection
	GlobalSection(SolutionProperties) = preSolution
		HideSolutionNode = FALSE
	EndGlobalSection
	GlobalSection(ExtensibilityGlobals) = postSolution
		SolutionGuid = {3BFF9B27-A04C-43B5-97FE-A3F6B72B8A85}
	EndGlobalSection
EndGlobal
